{
  "lockfileVersion": 1,
  "configVersion": 1,
  "workspaces": {
    "": {
      "name": "zen-rule",
      "dependencies": {
        "@gorules/zen-engine": "^0.51.5",
      },
      "devDependencies": {
        "bun-types": "latest",
        "typescript": "^5.7.0",
      },
    },
  },
  "packages": {
    "@emnapi/core": ["@emnapi/core@1.11.2", "", { "dependencies": { "@emnapi/wasi-threads": "1.2.2", "tslib": "^2.4.0" } }, "sha512-TC8MkTuZUtcTSiFeuC0ksCh9QIJ5+F21MvZ4Wn4ORfYaFJ/0dsiudv5tVkejgwZlwQ39jL9WWDe2lz8x0WglOA=="],

    "@emnapi/runtime": ["@emnapi/runtime@1.11.2", "", { "dependencies": { "tslib": "^2.4.0" } }, "sha512-kyOl3X0DuTiT1h2ft8r2fYO8JYtU9a9Xis/zBSiGArNaagCOWx90N1k2wxp18czFDH+OgcWGb5ZP/XMt3dcyPA=="],

    "@emnapi/wasi-threads": ["@emnapi/wasi-threads@1.2.2", "", { "dependencies": { "tslib": "^2.4.0" } }, "sha512-c95qOXkHdydNKhscBTebqEC1CVAZpyqOfVfBzQ1qgzyl3gfeldUjIggDbIZgDKsHLgnsM+igH7TJ/eAasaVuMA=="],

    "@gorules/zen-engine": ["@gorules/zen-engine@0.51.5", "", { "optionalDependencies": { "@gorules/zen-engine-darwin-arm64": "0.51.5", "@gorules/zen-engine-darwin-x64": "0.51.5", "@gorules/zen-engine-linux-arm64-gnu": "0.51.5", "@gorules/zen-engine-linux-arm64-musl": "0.51.5", "@gorules/zen-engine-linux-x64-gnu": "0.51.5", "@gorules/zen-engine-linux-x64-musl": "0.51.5", "@gorules/zen-engine-wasm32-wasi": "0.51.5", "@gorules/zen-engine-win32-x64-msvc": "0.51.5" } }, "sha512-Qr10EZFj+CDTsaq0vJrGt1EXBZTC5um6Do0TgcpO0KoN7ZQX5pMtDn083G3CI4WRFDxTGgwCaFBlkaofbgNWOA=="],

    "@gorules/zen-engine-darwin-arm64": ["@gorules/zen-engine-darwin-arm64@0.51.5", "", { "os": "darwin", "cpu": "arm64" }, "sha512-vNmOLiGa+mDEwhV1NvGwlvCoh7YSDLVns1lpT8U9yKcqQ+KFF92LeIxbyc3y2wMsP/tNqYr1VmzODguBV+1ZUA=="],

    "@gorules/zen-engine-darwin-x64": ["@gorules/zen-engine-darwin-x64@0.51.5", "", { "os": "darwin", "cpu": "x64" }, "sha512-YQXNBsrC1xZMrOzfBWj+q+7VHqG3SZaZVt4EjLiiApwSIML61wwjaa19dXJ4UqJwUeYkDJKw3KxYbpNqm2y9xw=="],

    "@gorules/zen-engine-linux-arm64-gnu": ["@gorules/zen-engine-linux-arm64-gnu@0.51.5", "", { "os": "linux", "cpu": "arm64" }, "sha512-1EyLsndm7H3ehAhBvUFv/01yy2rxOsPsb7X03xGsvRQVem29XL95WAia/bvwrvuqio1smdvb5+Fv/8G/fc38vQ=="],

    "@gorules/zen-engine-linux-arm64-musl": ["@gorules/zen-engine-linux-arm64-musl@0.51.5", "", { "os": "linux", "cpu": "arm64" }, "sha512-BHVA5bTqMJ55L1QTzRmrGdwbyqIysYi4hSUrAq2gvy0bVzxhH2DNYaOj9c9bVmC3DJZ5NSwvzDcR40og2WLasw=="],

    "@gorules/zen-engine-linux-x64-gnu": ["@gorules/zen-engine-linux-x64-gnu@0.51.5", "", { "os": "linux", "cpu": "x64" }, "sha512-XAEbXr2X7ZsalSrsRLgxYrprlJkgMp1J1hCwb46b70Mo/7iCjQfFgcr55Nh/KeRBTNVvO1lplWylm0preVTHTQ=="],

    "@gorules/zen-engine-linux-x64-musl": ["@gorules/zen-engine-linux-x64-musl@0.51.5", "", { "os": "linux", "cpu": "x64" }, "sha512-+dsO2DKSrla7jkcq0QbnSwZETF+ZyuPJEU9jFwd2Jcz81DAMKS8myRLn7L/EqLn0qvpr0mKkySPgF6yK7lgwjQ=="],

    "@gorules/zen-engine-wasm32-wasi": ["@gorules/zen-engine-wasm32-wasi@0.51.5", "", { "dependencies": { "@napi-rs/wasm-runtime": "^1.0.7" }, "cpu": "none" }, "sha512-7AM/lB9n05NbJd6YxuKDSNIIcoJj8Wfnwas7emzOdetCvbfon/08MT3JLBVgOWF4IhAnFzYyhJd5k/FX3p6h9w=="],

    "@gorules/zen-engine-win32-x64-msvc": ["@gorules/zen-engine-win32-x64-msvc@0.51.5", "", { "os": "win32", "cpu": "x64" }, "sha512-NJrScGlMXf1ILeTWMieVFOwDJM83s3q6Z9ichUuiQjegjFgHdvW1Dv6v5x/hPd/ug+IGly8KezichdnLbFjlvA=="],

    "@napi-rs/wasm-runtime": ["@napi-rs/wasm-runtime@1.1.6", "", { "dependencies": { "@tybys/wasm-util": "^0.10.3" }, "peerDependencies": { "@emnapi/core": "^1.7.1", "@emnapi/runtime": "^1.7.1" } }, "sha512-ZLv/JdUfkvOy9eCnnBaGfiO+XimbjebAeO+MRQqD/B+FR1tnRN0tpKSJHRbE8sFfS6aqsXZ67TQjfwfsxULVbg=="],

    "@tybys/wasm-util": ["@tybys/wasm-util@0.10.3", "", { "dependencies": { "tslib": "^2.4.0" } }, "sha512-F3fo1MYrRJYL3zER0OUOmkutjr1Vp23m7OsSgp7nq4SP6OqX6C/56XFIPAl5bt3zaBRjmW7SGz3u/6LwFpYcOg=="],

    "@types/node": ["@types/node@26.1.1", "", { "dependencies": { "undici-types": "~8.3.0" } }, "sha512-nxAkRSVkN1Y0JC1W8ky/fTfkGsMmcrRsbx+3XoZE+rMOX71kLYTV7fLXpqud1GpbpP5TuffXFqfX7fH2GgZREw=="],

    "bun-types": ["bun-types@1.3.14", "", { "dependencies": { "@types/node": "*" } }, "sha512-4N0ig0fEomHt5R0KCFWjovxow98rIoRwKolrYdCcknNwMekCXRnWEUvgu5soYV8QXtVsrUD8B95MBOZGPvr6KQ=="],

    "tslib": ["tslib@2.8.1", "", {}, "sha512-oJFu94HQb+KVduSUQL7wnpmqnfmLsOA/nAh6b6EH0wCEoK0/mPeXU6c3wKDV83MkOuHPRHtSXKKU99IBazS/2w=="],

    "typescript": ["typescript@5.9.3", "", { "bin": { "tsc": "bin/tsc", "tsserver": "bin/tsserver" } }, "sha512-jl1vZzPDinLr9eUt3J/t7V6FgNEw9QjvBPdysz9KfQDD41fQrC2Y4vKQdiaUpFT4bXlb1RHhLpp8wtm6M5TgSw=="],

    "undici-types": ["undici-types@8.3.0", "", {}, "sha512-j375ScV60dom+YkPFIfTLcOiPxkN/buHz5GobjLhixFuANaNs3C9l4GmrWqejgXWJ7BbJcFYpTEUkS1Ge8bpZQ=="],
  }
}
